// !$*UTF8*$!
{
	archiveVersion = 1;
	classes = {
	};
	objectVersion = 50;
	objects = {

/* Begin PBXBuildFile section */
		2A481FA625955DCF009C585F /* TokenizedReportGroupViewModel.swift in Sources */ = {isa = PBXBuildFile; fileRef = 2A481FA525955DCF009C585F /* TokenizedReportGroupViewModel.swift */; };
		2A606112259B183600BC97C8 /* Tokens.swift in Sources */ = {isa = PBXBuildFile; fileRef = 2A606111259B183600BC97C8 /* Tokens.swift */; };
		2AE08B8F25957B54009DB6FC /* View+Ext.swift in Sources */ = {isa = PBXBuildFile; fileRef = 2AE08B8E25957B54009DB6FC /* View+Ext.swift */; };
		2AE08B9225964FD8009DB6FC /* TokenizedReportHeaderViewModel.swift in Sources */ = {isa = PBXBuildFile; fileRef = 2AE08B9125964FD8009DB6FC /* TokenizedReportHeaderViewModel.swift */; };
		2AE08B9625968402009DB6FC /* Tokenize String+Ext.swift in Sources */ = {isa = PBXBuildFile; fileRef = 2AE08B9525968402009DB6FC /* Tokenize String+Ext.swift */; };
		2AE08B9A25968563009DB6FC /* Conversion String+Ext.swift in Sources */ = {isa = PBXBuildFile; fileRef = 2AE08B9925968563009DB6FC /* Conversion String+Ext.swift */; };
		2AE08BBC2596F2DB009DB6FC /* TokenizedReportFooterViewModel.swift in Sources */ = {isa = PBXBuildFile; fileRef = 2AE08BBB2596F2DB009DB6FC /* TokenizedReportFooterViewModel.swift */; };
		2AE08BDF2599D783009DB6FC /* TokenizedReportView.swift in Sources */ = {isa = PBXBuildFile; fileRef = 2AE08BDE2599D783009DB6FC /* TokenizedReportView.swift */; };
		2AE08BE22599E008009DB6FC /* TokenizedReportHeaderViewRows.swift in Sources */ = {isa = PBXBuildFile; fileRef = 2AE08BE12599E008009DB6FC /* TokenizedReportHeaderViewRows.swift */; };
		2AE08BE52599E07D009DB6FC /* TokenizedReportFooterViewRows.swift in Sources */ = {isa = PBXBuildFile; fileRef = 2AE08BE42599E07D009DB6FC /* TokenizedReportFooterViewRows.swift */; };
		2AE08BE82599E5AE009DB6FC /* TokenizedReportGroupSectionView.swift in Sources */ = {isa = PBXBuildFile; fileRef = 2AE08BE72599E5AE009DB6FC /* TokenizedReportGroupSectionView.swift */; };
		2AF21A8E2593CF020057A5CD /* TextViewAppApp.swift in Sources */ = {isa = PBXBuildFile; fileRef = 2AF21A8D2593CF020057A5CD /* TextViewAppApp.swift */; };
		2AF21A902593CF020057A5CD /* ContentView.swift in Sources */ = {isa = PBXBuildFile; fileRef = 2AF21A8F2593CF020057A5CD /* ContentView.swift */; };
		2AF21A922593CF030057A5CD /* Assets.xcassets in Resources */ = {isa = PBXBuildFile; fileRef = 2AF21A912593CF030057A5CD /* Assets.xcassets */; };
		2AF21A952593CF030057A5CD /* Preview Assets.xcassets in Resources */ = {isa = PBXBuildFile; fileRef = 2AF21A942593CF030057A5CD /* Preview Assets.xcassets */; };
		2AF21A9E2593CF2D0057A5CD /* TextView.swift in Sources */ = {isa = PBXBuildFile; fileRef = 2AF21A9D2593CF2D0057A5CD /* TextView.swift */; };
		2AF21AA12593D4310057A5CD /* TextViewModel.swift in Sources */ = {isa = PBXBuildFile; fileRef = 2AF21AA02593D4310057A5CD /* TextViewModel.swift */; };
		2AF21AA42593D4690057A5CD /* ReportImportView.swift in Sources */ = {isa = PBXBuildFile; fileRef = 2AF21AA32593D4690057A5CD /* ReportImportView.swift */; };
		2AF21AAA2593D6210057A5CD /* Ory.swift in Sources */ = {isa = PBXBuildFile; fileRef = 2AF21AA62593D61A0057A5CD /* Ory.swift */; };
		2AF21AB0259456A50057A5CD /* Regex String+Ext.swift in Sources */ = {isa = PBXBuildFile; fileRef = 2AF21AAF259456A50057A5CD /* Regex String+Ext.swift */; };
		2AF21AB325946E690057A5CD /* ReportStructureView.swift in Sources */ = {isa = PBXBuildFile; fileRef = 2AF21AB225946E690057A5CD /* ReportStructureView.swift */; };
		2AF21AB625946EA50057A5CD /* TokenizedReportHeaderView.swift in Sources */ = {isa = PBXBuildFile; fileRef = 2AF21AB525946EA50057A5CD /* TokenizedReportHeaderView.swift */; };
		2AF21AB925946EE10057A5CD /* TokenizedReportGroupView.swift in Sources */ = {isa = PBXBuildFile; fileRef = 2AF21AB825946EE10057A5CD /* TokenizedReportGroupView.swift */; };
		2AF21ABC25946F4E0057A5CD /* TokenizedReportFooterView.swift in Sources */ = {isa = PBXBuildFile; fileRef = 2AF21ABB25946F4E0057A5CD /* TokenizedReportFooterView.swift */; };
/* End PBXBuildFile section */

/* Begin PBXFileReference section */
		2A17F38C259A2BB3002F44F4 /* Ideas README.md */ = {isa = PBXFileReference; lastKnownFileType = net.daringfireball.markdown; path = "Ideas README.md"; sourceTree = "<group>"; };
		2A17F38D259A2C51002F44F4 /* Regex.md */ = {isa = PBXFileReference; lastKnownFileType = net.daringfireball.markdown; path = Regex.md; sourceTree = "<group>"; };
		2A481FA525955DCF009C585F /* TokenizedReportGroupViewModel.swift */ = {isa = PBXFileReference; lastKnownFileType = sourcecode.swift; path = TokenizedReportGroupViewModel.swift; sourceTree = "<group>"; };
		2A606111259B183600BC97C8 /* Tokens.swift */ = {isa = PBXFileReference; lastKnownFileType = sourcecode.swift; path = Tokens.swift; sourceTree = "<group>"; };
		2AE08B8E25957B54009DB6FC /* View+Ext.swift */ = {isa = PBXFileReference; lastKnownFileType = sourcecode.swift; path = "View+Ext.swift"; sourceTree = "<group>"; };
		2AE08B9125964FD8009DB6FC /* TokenizedReportHeaderViewModel.swift */ = {isa = PBXFileReference; lastKnownFileType = sourcecode.swift; path = TokenizedReportHeaderViewModel.swift; sourceTree = "<group>"; };
		2AE08B9525968402009DB6FC /* Tokenize String+Ext.swift */ = {isa = PBXFileReference; lastKnownFileType = sourcecode.swift; path = "Tokenize String+Ext.swift"; sourceTree = "<group>"; };
		2AE08B9925968563009DB6FC /* Conversion String+Ext.swift */ = {isa = PBXFileReference; lastKnownFileType = sourcecode.swift; path = "Conversion String+Ext.swift"; sourceTree = "<group>"; };
		2AE08BBB2596F2DB009DB6FC /* TokenizedReportFooterViewModel.swift */ = {isa = PBXFileReference; lastKnownFileType = sourcecode.swift; path = TokenizedReportFooterViewModel.swift; sourceTree = "<group>"; };
		2AE08BDE2599D783009DB6FC /* TokenizedReportView.swift */ = {isa = PBXFileReference; lastKnownFileType = sourcecode.swift; path = TokenizedReportView.swift; sourceTree = "<group>"; };
		2AE08BE12599E008009DB6FC /* TokenizedReportHeaderViewRows.swift */ = {isa = PBXFileReference; lastKnownFileType = sourcecode.swift; path = TokenizedReportHeaderViewRows.swift; sourceTree = "<group>"; };
		2AE08BE42599E07D009DB6FC /* TokenizedReportFooterViewRows.swift */ = {isa = PBXFileReference; lastKnownFileType = sourcecode.swift; path = TokenizedReportFooterViewRows.swift; sourceTree = "<group>"; };
		2AE08BE72599E5AE009DB6FC /* TokenizedReportGroupSectionView.swift */ = {isa = PBXFileReference; lastKnownFileType = sourcecode.swift; path = TokenizedReportGroupSectionView.swift; sourceTree = "<group>"; };
		2AF21A8A2593CF020057A5CD /* TextViewApp.app */ = {isa = PBXFileReference; explicitFileType = wrapper.application; includeInIndex = 0; path = TextViewApp.app; sourceTree = BUILT_PRODUCTS_DIR; };
		2AF21A8D2593CF020057A5CD /* TextViewAppApp.swift */ = {isa = PBXFileReference; lastKnownFileType = sourcecode.swift; path = TextViewAppApp.swift; sourceTree = "<group>"; };
		2AF21A8F2593CF020057A5CD /* ContentView.swift */ = {isa = PBXFileReference; lastKnownFileType = sourcecode.swift; path = ContentView.swift; sourceTree = "<group>"; };
		2AF21A912593CF030057A5CD /* Assets.xcassets */ = {isa = PBXFileReference; lastKnownFileType = folder.assetcatalog; path = Assets.xcassets; sourceTree = "<group>"; };
		2AF21A942593CF030057A5CD /* Preview Assets.xcassets */ = {isa = PBXFileReference; lastKnownFileType = folder.assetcatalog; path = "Preview Assets.xcassets"; sourceTree = "<group>"; };
		2AF21A962593CF030057A5CD /* Info.plist */ = {isa = PBXFileReference; lastKnownFileType = text.plist.xml; path = Info.plist; sourceTree = "<group>"; };
		2AF21A9D2593CF2D0057A5CD /* TextView.swift */ = {isa = PBXFileReference; lastKnownFileType = sourcecode.swift; path = TextView.swift; sourceTree = "<group>"; };
		2AF21AA02593D4310057A5CD /* TextViewModel.swift */ = {isa = PBXFileReference; lastKnownFileType = sourcecode.swift; path = TextViewModel.swift; sourceTree = "<group>"; };
		2AF21AA32593D4690057A5CD /* ReportImportView.swift */ = {isa = PBXFileReference; lastKnownFileType = sourcecode.swift; path = ReportImportView.swift; sourceTree = "<group>"; };
		2AF21AA62593D61A0057A5CD /* Ory.swift */ = {isa = PBXFileReference; lastKnownFileType = sourcecode.swift; path = Ory.swift; sourceTree = "<group>"; };
		2AF21AAC2593DE590057A5CD /* attributedString README.md */ = {isa = PBXFileReference; lastKnownFileType = net.daringfireball.markdown; path = "attributedString README.md"; sourceTree = "<group>"; };
		2AF21AAF259456A50057A5CD /* Regex String+Ext.swift */ = {isa = PBXFileReference; lastKnownFileType = sourcecode.swift; path = "Regex String+Ext.swift"; sourceTree = "<group>"; };
		2AF21AB225946E690057A5CD /* ReportStructureView.swift */ = {isa = PBXFileReference; lastKnownFileType = sourcecode.swift; path = ReportStructureView.swift; sourceTree = "<group>"; };
		2AF21AB525946EA50057A5CD /* TokenizedReportHeaderView.swift */ = {isa = PBXFileReference; lastKnownFileType = sourcecode.swift; path = TokenizedReportHeaderView.swift; sourceTree = "<group>"; };
		2AF21AB825946EE10057A5CD /* TokenizedReportGroupView.swift */ = {isa = PBXFileReference; lastKnownFileType = sourcecode.swift; path = TokenizedReportGroupView.swift; sourceTree = "<group>"; };
		2AF21ABB25946F4E0057A5CD /* TokenizedReportFooterView.swift */ = {isa = PBXFileReference; lastKnownFileType = sourcecode.swift; path = TokenizedReportFooterView.swift; sourceTree = "<group>"; };
/* End PBXFileReference section */

/* Begin PBXFrameworksBuildPhase section */
		2AF21A872593CF020057A5CD /* Frameworks */ = {
			isa = PBXFrameworksBuildPhase;
			buildActionMask = 2147483647;
			files = (
			);
			runOnlyForDeploymentPostprocessing = 0;
		};
/* End PBXFrameworksBuildPhase section */

/* Begin PBXGroup section */
		2AF21A812593CF020057A5CD = {
			isa = PBXGroup;
			children = (
				2AF21A8C2593CF020057A5CD /* TextViewApp */,
				2AF21A8B2593CF020057A5CD /* Products */,
			);
			sourceTree = "<group>";
		};
		2AF21A8B2593CF020057A5CD /* Products */ = {
			isa = PBXGroup;
			children = (
				2AF21A8A2593CF020057A5CD /* TextViewApp.app */,
			);
			name = Products;
			sourceTree = "<group>";
		};
		2AF21A8C2593CF020057A5CD /* TextViewApp */ = {
			isa = PBXGroup;
			children = (
				2AF21A8D2593CF020057A5CD /* TextViewAppApp.swift */,
				2AF21A8F2593CF020057A5CD /* ContentView.swift */,
				2AF21AA32593D4690057A5CD /* ReportImportView.swift */,
				2AF21AA02593D4310057A5CD /* TextViewModel.swift */,
				2A606111259B183600BC97C8 /* Tokens.swift */,
				2AF21A9D2593CF2D0057A5CD /* TextView.swift */,
				2AF21AB225946E690057A5CD /* ReportStructureView.swift */,
				2AE08BDE2599D783009DB6FC /* TokenizedReportView.swift */,
				2AF21AB525946EA50057A5CD /* TokenizedReportHeaderView.swift */,
				2AE08BE12599E008009DB6FC /* TokenizedReportHeaderViewRows.swift */,
				2AE08B9125964FD8009DB6FC /* TokenizedReportHeaderViewModel.swift */,
				2AF21AB825946EE10057A5CD /* TokenizedReportGroupView.swift */,
				2AE08BE72599E5AE009DB6FC /* TokenizedReportGroupSectionView.swift */,
				2A481FA525955DCF009C585F /* TokenizedReportGroupViewModel.swift */,
				2AF21ABB25946F4E0057A5CD /* TokenizedReportFooterView.swift */,
				2AE08BE42599E07D009DB6FC /* TokenizedReportFooterViewRows.swift */,
				2AE08BBB2596F2DB009DB6FC /* TokenizedReportFooterViewModel.swift */,
				2AF21AAC2593DE590057A5CD /* attributedString README.md */,
				2A17F38C259A2BB3002F44F4 /* Ideas README.md */,
				2AF21AA62593D61A0057A5CD /* Ory.swift */,
				2AF21AAF259456A50057A5CD /* Regex String+Ext.swift */,
				2A17F38D259A2C51002F44F4 /* Regex.md */,
				2AE08B9925968563009DB6FC /* Conversion String+Ext.swift */,
				2AE08B9525968402009DB6FC /* Tokenize String+Ext.swift */,
				2AE08B8E25957B54009DB6FC /* View+Ext.swift */,
				2AF21A912593CF030057A5CD /* Assets.xcassets */,
				2AF21A962593CF030057A5CD /* Info.plist */,
				2AF21A932593CF030057A5CD /* Preview Content */,
			);
			path = TextViewApp;
			sourceTree = "<group>";
		};
		2AF21A932593CF030057A5CD /* Preview Content */ = {
			isa = PBXGroup;
			children = (
				2AF21A942593CF030057A5CD /* Preview Assets.xcassets */,
			);
			path = "Preview Content";
			sourceTree = "<group>";
		};
/* End PBXGroup section */

/* Begin PBXNativeTarget section */
		2AF21A892593CF020057A5CD /* TextViewApp */ = {
			isa = PBXNativeTarget;
			buildConfigurationList = 2AF21A992593CF030057A5CD /* Build configuration list for PBXNativeTarget "TextViewApp" */;
			buildPhases = (
				2AF21A862593CF020057A5CD /* Sources */,
				2AF21A872593CF020057A5CD /* Frameworks */,
				2AF21A882593CF020057A5CD /* Resources */,
			);
			buildRules = (
			);
			dependencies = (
			);
			name = TextViewApp;
			productName = TextViewApp;
			productReference = 2AF21A8A2593CF020057A5CD /* TextViewApp.app */;
			productType = "com.apple.product-type.application";
		};
/* End PBXNativeTarget section */

/* Begin PBXProject section */
		2AF21A822593CF020057A5CD /* Project object */ = {
			isa = PBXProject;
			attributes = {
				LastSwiftUpdateCheck = 1230;
				LastUpgradeCheck = 1230;
				TargetAttributes = {
					2AF21A892593CF020057A5CD = {
						CreatedOnToolsVersion = 12.3;
					};
				};
			};
			buildConfigurationList = 2AF21A852593CF020057A5CD /* Build configuration list for PBXProject "TextViewApp" */;
			compatibilityVersion = "Xcode 9.3";
			developmentRegion = en;
			hasScannedForEncodings = 0;
			knownRegions = (
				en,
				Base,
			);
			mainGroup = 2AF21A812593CF020057A5CD;
			productRefGroup = 2AF21A8B2593CF020057A5CD /* Products */;
			projectDirPath = "";
			projectRoot = "";
			targets = (
				2AF21A892593CF020057A5CD /* TextViewApp */,
			);
		};
/* End PBXProject section */

/* Begin PBXResourcesBuildPhase section */
		2AF21A882593CF020057A5CD /* Resources */ = {
			isa = PBXResourcesBuildPhase;
			buildActionMask = 2147483647;
			files = (
				2AF21A952593CF030057A5CD /* Preview Assets.xcassets in Resources */,
				2AF21A922593CF030057A5CD /* Assets.xcassets in Resources */,
			);
			runOnlyForDeploymentPostprocessing = 0;
		};
/* End PBXResourcesBuildPhase section */

/* Begin PBXSourcesBuildPhase section */
		2AF21A862593CF020057A5CD /* Sources */ = {
			isa = PBXSourcesBuildPhase;
			buildActionMask = 2147483647;
			files = (
				2AE08BBC2596F2DB009DB6FC /* TokenizedReportFooterViewModel.swift in Sources */,
				2AF21ABC25946F4E0057A5CD /* TokenizedReportFooterView.swift in Sources */,
				2AF21AB625946EA50057A5CD /* TokenizedReportHeaderView.swift in Sources */,
				2AE08BDF2599D783009DB6FC /* TokenizedReportView.swift in Sources */,
				2AE08B9225964FD8009DB6FC /* TokenizedReportHeaderViewModel.swift in Sources */,
				2AE08BE22599E008009DB6FC /* TokenizedReportHeaderViewRows.swift in Sources */,
				2AF21A9E2593CF2D0057A5CD /* TextView.swift in Sources */,
				2AF21AB0259456A50057A5CD /* Regex String+Ext.swift in Sources */,
				2AF21A902593CF020057A5CD /* ContentView.swift in Sources */,
				2AF21AAA2593D6210057A5CD /* Ory.swift in Sources */,
				2AE08B9625968402009DB6FC /* Tokenize String+Ext.swift in Sources */,
				2A481FA625955DCF009C585F /* TokenizedReportGroupViewModel.swift in Sources */,
				2AF21AB925946EE10057A5CD /* TokenizedReportGroupView.swift in Sources */,
				2AF21AB325946E690057A5CD /* ReportStructureView.swift in Sources */,
				2AE08BE52599E07D009DB6FC /* TokenizedReportFooterViewRows.swift in Sources */,
				2AF21A8E2593CF020057A5CD /* TextViewAppApp.swift in Sources */,
				2AF21AA12593D4310057A5CD /* TextViewModel.swift in Sources */,
				2AE08B8F25957B54009DB6FC /* View+Ext.swift in Sources */,
				2AF21AA42593D4690057A5CD /* ReportImportView.swift in Sources */,
				2AE08BE82599E5AE009DB6FC /* TokenizedReportGroupSectionView.swift in Sources */,
				2AE08B9A25968563009DB6FC /* Conversion String+Ext.swift in Sources */,
				2A606112259B183600BC97C8 /* Tokens.swift in Sources */,
			);
			runOnlyForDeploymentPostprocessing = 0;
		};
/* End PBXSourcesBuildPhase section */

/* Begin XCBuildConfiguration section */
		2AF21A972593CF030057A5CD /* Debug */ = {
			isa = XCBuildConfiguration;
			buildSettings = {
				ALWAYS_SEARCH_USER_PATHS = NO;
				CLANG_ANALYZER_NONNULL = YES;
				CLANG_ANALYZER_NUMBER_OBJECT_CONVERSION = YES_AGGRESSIVE;
				CLANG_CXX_LANGUAGE_STANDARD = "gnu++14";
				CLANG_CXX_LIBRARY = "libc++";
				CLANG_ENABLE_MODULES = YES;
				CLANG_ENABLE_OBJC_ARC = YES;
				CLANG_ENABLE_OBJC_WEAK = YES;
				CLANG_WARN_BLOCK_CAPTURE_AUTORELEASING = YES;
				CLANG_WARN_BOOL_CONVERSION = YES;
				CLANG_WARN_COMMA = YES;
				CLANG_WARN_CONSTANT_CONVERSION = YES;
				CLANG_WARN_DEPRECATED_OBJC_IMPLEMENTATIONS = YES;
				CLANG_WARN_DIRECT_OBJC_ISA_USAGE = YES_ERROR;
				CLANG_WARN_DOCUMENTATION_COMMENTS = YES;
				CLANG_WARN_EMPTY_BODY = YES;
				CLANG_WARN_ENUM_CONVERSION = YES;
				CLANG_WARN_INFINITE_RECURSION = YES;
				CLANG_WARN_INT_CONVERSION = YES;
				CLANG_WARN_NON_LITERAL_NULL_CONVERSION = YES;
				CLANG_WARN_OBJC_IMPLICIT_RETAIN_SELF = YES;
				CLANG_WARN_OBJC_LITERAL_CONVERSION = YES;
				CLANG_WARN_OBJC_ROOT_CLASS = YES_ERROR;
				CLANG_WARN_QUOTED_INCLUDE_IN_FRAMEWORK_HEADER = YES;
				CLANG_WARN_RANGE_LOOP_ANALYSIS = YES;
				CLANG_WARN_STRICT_PROTOTYPES = YES;
				CLANG_WARN_SUSPICIOUS_MOVE = YES;
				CLANG_WARN_UNGUARDED_AVAILABILITY = YES_AGGRESSIVE;
				CLANG_WARN_UNREACHABLE_CODE = YES;
				CLANG_WARN__DUPLICATE_METHOD_MATCH = YES;
				COPY_PHASE_STRIP = NO;
				DEBUG_INFORMATION_FORMAT = dwarf;
				ENABLE_STRICT_OBJC_MSGSEND = YES;
				ENABLE_TESTABILITY = YES;
				GCC_C_LANGUAGE_STANDARD = gnu11;
				GCC_DYNAMIC_NO_PIC = NO;
				GCC_NO_COMMON_BLOCKS = YES;
				GCC_OPTIMIZATION_LEVEL = 0;
				GCC_PREPROCESSOR_DEFINITIONS = (
					"DEBUG=1",
					"$(inherited)",
				);
				GCC_WARN_64_TO_32_BIT_CONVERSION = YES;
				GCC_WARN_ABOUT_RETURN_TYPE = YES_ERROR;
				GCC_WARN_UNDECLARED_SELECTOR = YES;
				GCC_WARN_UNINITIALIZED_AUTOS = YES_AGGRESSIVE;
				GCC_WARN_UNUSED_FUNCTION = YES;
				GCC_WARN_UNUSED_VARIABLE = YES;
				IPHONEOS_DEPLOYMENT_TARGET = 14.3;
				MTL_ENABLE_DEBUG_INFO = INCLUDE_SOURCE;
				MTL_FAST_MATH = YES;
				ONLY_ACTIVE_ARCH = YES;
				SDKROOT = iphoneos;
				SWIFT_ACTIVE_COMPILATION_CONDITIONS = DEBUG;
				SWIFT_OPTIMIZATION_LEVEL = "-Onone";
			};
			name = Debug;
		};
		2AF21A982593CF030057A5CD /* Release */ = {
			isa = XCBuildConfiguration;
			buildSettings = {
				ALWAYS_SEARCH_USER_PATHS = NO;
				CLANG_ANALYZER_NONNULL = YES;
				CLANG_ANALYZER_NUMBER_OBJECT_CONVERSION = YES_AGGRESSIVE;
				CLANG_CXX_LANGUAGE_STANDARD = "gnu++14";
				CLANG_CXX_LIBRARY = "libc++";
				CLANG_ENABLE_MODULES = YES;
				CLANG_ENABLE_OBJC_ARC = YES;
				CLANG_ENABLE_OBJC_WEAK = YES;
				CLANG_WARN_BLOCK_CAPTURE_AUTORELEASING = YES;
				CLANG_WARN_BOOL_CONVERSION = YES;
				CLANG_WARN_COMMA = YES;
				CLANG_WARN_CONSTANT_CONVERSION = YES;
				CLANG_WARN_DEPRECATED_OBJC_IMPLEMENTATIONS = YES;
				CLANG_WARN_DIRECT_OBJC_ISA_USAGE = YES_ERROR;
				CLANG_WARN_DOCUMENTATION_COMMENTS = YES;
				CLANG_WARN_EMPTY_BODY = YES;
				CLANG_WARN_ENUM_CONVERSION = YES;
				CLANG_WARN_INFINITE_RECURSION = YES;
				CLANG_WARN_INT_CONVERSION = YES;
				CLANG_WARN_NON_LITERAL_NULL_CONVERSION = YES;
				CLANG_WARN_OBJC_IMPLICIT_RETAIN_SELF = YES;
				CLANG_WARN_OBJC_LITERAL_CONVERSION = YES;
				CLANG_WARN_OBJC_ROOT_CLASS = YES_ERROR;
				CLANG_WARN_QUOTED_INCLUDE_IN_FRAMEWORK_HEADER = YES;
				CLANG_WARN_RANGE_LOOP_ANALYSIS = YES;
				CLANG_WARN_STRICT_PROTOTYPES = YES;
				CLANG_WARN_SUSPICIOUS_MOVE = YES;
				CLANG_WARN_UNGUARDED_AVAILABILITY = YES_AGGRESSIVE;
				CLANG_WARN_UNREACHABLE_CODE = YES;
				CLANG_WARN__DUPLICATE_METHOD_MATCH = YES;
				COPY_PHASE_STRIP = NO;
				DEBUG_INFORMATION_FORMAT = "dwarf-with-dsym";
				ENABLE_NS_ASSERTIONS = NO;
				ENABLE_STRICT_OBJC_MSGSEND = YES;
				GCC_C_LANGUAGE_STANDARD = gnu11;
				GCC_NO_COMMON_BLOCKS = YES;
				GCC_WARN_64_TO_32_BIT_CONVERSION = YES;
				GCC_WARN_ABOUT_RETURN_TYPE = YES_ERROR;
				GCC_WARN_UNDECLARED_SELECTOR = YES;
				GCC_WARN_UNINITIALIZED_AUTOS = YES_AGGRESSIVE;
				GCC_WARN_UNUSED_FUNCTION = YES;
				GCC_WARN_UNUSED_VARIABLE = YES;
				IPHONEOS_DEPLOYMENT_TARGET = 14.3;
				MTL_ENABLE_DEBUG_INFO = NO;
				MTL_FAST_MATH = YES;
				SDKROOT = iphoneos;
				SWIFT_COMPILATION_MODE = wholemodule;
				SWIFT_OPTIMIZATION_LEVEL = "-O";
				VALIDATE_PRODUCT = YES;
			};
			name = Release;
		};
		2AF21A9A2593CF030057A5CD /* Debug */ = {
			isa = XCBuildConfiguration;
			buildSettings = {
				ASSETCATALOG_COMPILER_APPICON_NAME = AppIcon;
				ASSETCATALOG_COMPILER_GLOBAL_ACCENT_COLOR_NAME = AccentColor;
				CODE_SIGN_STYLE = Automatic;
				DEVELOPMENT_ASSET_PATHS = "\"TextViewApp/Preview Content\"";
				DEVELOPMENT_TEAM = VRVJ9YNRQU;
				ENABLE_PREVIEWS = YES;
				INFOPLIST_FILE = TextViewApp/Info.plist;
				IPHONEOS_DEPLOYMENT_TARGET = 14.0;
				LD_RUNPATH_SEARCH_PATHS = (
					"$(inherited)",
					"@executable_path/Frameworks",
				);
				PRODUCT_BUNDLE_IDENTIFIER = com.photoigor.TextViewApp;
				PRODUCT_NAME = "$(TARGET_NAME)";
				SWIFT_VERSION = 5.0;
				TARGETED_DEVICE_FAMILY = "1,2";
			};
			name = Debug;
		};
		2AF21A9B2593CF030057A5CD /* Release */ = {
			isa = XCBuildConfiguration;
			buildSettings = {
				ASSETCATALOG_COMPILER_APPICON_NAME = AppIcon;
				ASSETCATALOG_COMPILER_GLOBAL_ACCENT_COLOR_NAME = AccentColor;
				CODE_SIGN_STYLE = Automatic;
				DEVELOPMENT_ASSET_PATHS = "\"TextViewApp/Preview Content\"";
				DEVELOPMENT_TEAM = VRVJ9YNRQU;
				ENABLE_PREVIEWS = YES;
				INFOPLIST_FILE = TextViewApp/Info.plist;
				IPHONEOS_DEPLOYMENT_TARGET = 14.0;
				LD_RUNPATH_SEARCH_PATHS = (
					"$(inherited)",
					"@executable_path/Frameworks",
				);
				PRODUCT_BUNDLE_IDENTIFIER = com.photoigor.TextViewApp;
				PRODUCT_NAME = "$(TARGET_NAME)";
				SWIFT_VERSION = 5.0;
				TARGETED_DEVICE_FAMILY = "1,2";
			};
			name = Release;
		};
/* End XCBuildConfiguration section */

/* Begin XCConfigurationList section */
		2AF21A852593CF020057A5CD /* Build configuration list for PBXProject "TextViewApp" */ = {
			isa = XCConfigurationList;
			buildConfigurations = (
				2AF21A972593CF030057A5CD /* Debug */,
				2AF21A982593CF030057A5CD /* Release */,
			);
			defaultConfigurationIsVisible = 0;
			defaultConfigurationName = Release;
		};
		2AF21A992593CF030057A5CD /* Build configuration list for PBXNativeTarget "TextViewApp" */ = {
			isa = XCConfigurationList;
			buildConfigurations = (
				2AF21A9A2593CF030057A5CD /* Debug */,
				2AF21A9B2593CF030057A5CD /* Release */,
			);
			defaultConfigurationIsVisible = 0;
			defaultConfigurationName = Release;
		};
/* End XCConfigurationList section */
	};
	rootObject = 2AF21A822593CF020057A5CD /* Project object */;
}
